
Microsoft Visual Studio Solution File, Format Version 12.00
# Visual Studio 15
VisualStudioVersion = 15.0.26124.0
MinimumVisualStudioVersion = 15.0.26124.0
Project("{FAE04EC0-301F-11D3-BF4B-00C04F79EFBC}") = "Gambot.Core", "Gambot.Core\Gambot.Core.csproj", "{C3EC3B72-8D14-47FE-B022-2B26B59C42CF}"
EndProject
Project("{FAE04EC0-301F-11D3-BF4B-00C04F79EFBC}") = "Gambot.Bot", "Gambot.Bot\Gambot.Bot.csproj", "{336F4F7F-2485-43C0-9044-7679965B5CE5}"
EndProject
Project("{FAE04EC0-301F-11D3-BF4B-00C04F79EFBC}") = "Gambot.Module.Say", "Gambot.Module.Say\Gambot.Module.Say.csproj", "{20C38EB2-5D4C-4619-B02F-09ABB4A1A36B}"
EndProject
Project("{FAE04EC0-301F-11D3-BF4B-00C04F79EFBC}") = "Gambot.IO", "Gambot.IO\Gambot.IO.csproj", "{83B7E168-C983-46AE-B10D-60B531BFCBC3}"
EndProject
Project("{FAE04EC0-301F-11D3-BF4B-00C04F79EFBC}") = "Gambot.Data", "Gambot.Data\Gambot.Data.csproj", "{4F4F6EC1-1629-4625-8FEB-0C0FA79E3C45}"
EndProject
Project("{FAE04EC0-301F-11D3-BF4B-00C04F79EFBC}") = "Gambot.Module.Factoid", "Gambot.Module.Factoid\Gambot.Module.Factoid.csproj", "{3271565B-FE70-411D-8B07-82F9E5C1AFF4}"
EndProject
Project("{FAE04EC0-301F-11D3-BF4B-00C04F79EFBC}") = "Gambot.Module.BandName", "Gambot.Module.BandName\Gambot.Module.BandName.csproj", "{80CE4B45-94E4-4DBF-A5F4-848435D1C399}"
EndProject
Project("{FAE04EC0-301F-11D3-BF4B-00C04F79EFBC}") = "Gambot.Module.Config", "Gambot.Module.Config\Gambot.Module.Config.csproj", "{5C5AD7F2-2F69-4BFD-A899-C070B1BDF0A3}"
EndProject
Project("{FAE04EC0-301F-11D3-BF4B-00C04F79EFBC}") = "Gambot.Data.SQLite", "Gambot.Data.SQLite\Gambot.Data.SQLite.csproj", "{0D172CF5-7A40-464F-8DE4-CAF51C032E5B}"
EndProject
Project("{FAE04EC0-301F-11D3-BF4B-00C04F79EFBC}") = "Gambot.IO.Discord", "Gambot.IO.Discord\Gambot.IO.Discord.csproj", "{2C1D737C-C20F-450E-90BE-0F79382F74C4}"
EndProject
Project("{FAE04EC0-301F-11D3-BF4B-00C04F79EFBC}") = "Gambot.Module.People", "Gambot.Module.People\Gambot.Module.People.csproj", "{CB73BDC3-DBCF-48F5-8103-D1051F3E1F6E}"
EndProject
Project("{FAE04EC0-301F-11D3-BF4B-00C04F79EFBC}") = "Gambot.Module.Conjugation", "Gambot.Module.Conjugation\Gambot.Module.Conjugation.csproj", "{313963EE-22AC-41B0-AF83-D022B4CEB766}"
EndProject
Project("{FAE04EC0-301F-11D3-BF4B-00C04F79EFBC}") = "Gambot.Module.Dice", "Gambot.Module.Dice\Gambot.Module.Dice.csproj", "{28C62021-C24C-4C00-8E97-87EA49C60219}"
EndProject
Project("{FAE04EC0-301F-11D3-BF4B-00C04F79EFBC}") = "Gambot.IO.Slack", "Gambot.IO.Slack\Gambot.IO.Slack.csproj", "{16B4AB02-C2BF-458A-AC9B-2671D8CCE729}"
EndProject
Project("{FAE04EC0-301F-11D3-BF4B-00C04F79EFBC}") = "Gambot.Module.Mongle", "Gambot.Module.Mongle\Gambot.Module.Mongle.csproj", "{B02D3D7D-ECD7-46A2-86AF-1D78E23FFEC5}"
EndProject
Global
	GlobalSection(SolutionConfigurationPlatforms) = preSolution
		Debug|Any CPU = Debug|Any CPU
		Debug|x64 = Debug|x64
		Debug|x86 = Debug|x86
		Release|Any CPU = Release|Any CPU
		Release|x64 = Release|x64
		Release|x86 = Release|x86
	EndGlobalSection
	GlobalSection(SolutionProperties) = preSolution
		HideSolutionNode = FALSE
	EndGlobalSection
	GlobalSection(ProjectConfigurationPlatforms) = postSolution
		{C3EC3B72-8D14-47FE-B022-2B26B59C42CF}.Debug|Any CPU.ActiveCfg = Debug|Any CPU
		{C3EC3B72-8D14-47FE-B022-2B26B59C42CF}.Debug|Any CPU.Build.0 = Debug|Any CPU
		{C3EC3B72-8D14-47FE-B022-2B26B59C42CF}.Debug|x64.ActiveCfg = Debug|Any CPU
		{C3EC3B72-8D14-47FE-B022-2B26B59C42CF}.Debug|x64.Build.0 = Debug|Any CPU
		{C3EC3B72-8D14-47FE-B022-2B26B59C42CF}.Debug|x86.ActiveCfg = Debug|Any CPU
		{C3EC3B72-8D14-47FE-B022-2B26B59C42CF}.Debug|x86.Build.0 = Debug|Any CPU
		{C3EC3B72-8D14-47FE-B022-2B26B59C42CF}.Release|Any CPU.ActiveCfg = Release|Any CPU
		{C3EC3B72-8D14-47FE-B022-2B26B59C42CF}.Release|Any CPU.Build.0 = Release|Any CPU
		{C3EC3B72-8D14-47FE-B022-2B26B59C42CF}.Release|x64.ActiveCfg = Release|Any CPU
		{C3EC3B72-8D14-47FE-B022-2B26B59C42CF}.Release|x64.Build.0 = Release|Any CPU
		{C3EC3B72-8D14-47FE-B022-2B26B59C42CF}.Release|x86.ActiveCfg = Release|Any CPU
		{C3EC3B72-8D14-47FE-B022-2B26B59C42CF}.Release|x86.Build.0 = Release|Any CPU
		{336F4F7F-2485-43C0-9044-7679965B5CE5}.Debug|Any CPU.ActiveCfg = Debug|Any CPU
		{336F4F7F-2485-43C0-9044-7679965B5CE5}.Debug|Any CPU.Build.0 = Debug|Any CPU
		{336F4F7F-2485-43C0-9044-7679965B5CE5}.Debug|x64.ActiveCfg = Debug|Any CPU
		{336F4F7F-2485-43C0-9044-7679965B5CE5}.Debug|x64.Build.0 = Debug|Any CPU
		{336F4F7F-2485-43C0-9044-7679965B5CE5}.Debug|x86.ActiveCfg = Debug|Any CPU
		{336F4F7F-2485-43C0-9044-7679965B5CE5}.Debug|x86.Build.0 = Debug|Any CPU
		{336F4F7F-2485-43C0-9044-7679965B5CE5}.Release|Any CPU.ActiveCfg = Release|Any CPU
		{336F4F7F-2485-43C0-9044-7679965B5CE5}.Release|Any CPU.Build.0 = Release|Any CPU
		{336F4F7F-2485-43C0-9044-7679965B5CE5}.Release|x64.ActiveCfg = Release|Any CPU
		{336F4F7F-2485-43C0-9044-7679965B5CE5}.Release|x64.Build.0 = Release|Any CPU
		{336F4F7F-2485-43C0-9044-7679965B5CE5}.Release|x86.ActiveCfg = Release|Any CPU
		{336F4F7F-2485-43C0-9044-7679965B5CE5}.Release|x86.Build.0 = Release|Any CPU
		{20C38EB2-5D4C-4619-B02F-09ABB4A1A36B}.Debug|Any CPU.ActiveCfg = Debug|Any CPU
		{20C38EB2-5D4C-4619-B02F-09ABB4A1A36B}.Debug|Any CPU.Build.0 = Debug|Any CPU
		{20C38EB2-5D4C-4619-B02F-09ABB4A1A36B}.Debug|x64.ActiveCfg = Debug|Any CPU
		{20C38EB2-5D4C-4619-B02F-09ABB4A1A36B}.Debug|x64.Build.0 = Debug|Any CPU
		{20C38EB2-5D4C-4619-B02F-09ABB4A1A36B}.Debug|x86.ActiveCfg = Debug|Any CPU
		{20C38EB2-5D4C-4619-B02F-09ABB4A1A36B}.Debug|x86.Build.0 = Debug|Any CPU
		{20C38EB2-5D4C-4619-B02F-09ABB4A1A36B}.Release|Any CPU.ActiveCfg = Release|Any CPU
		{20C38EB2-5D4C-4619-B02F-09ABB4A1A36B}.Release|Any CPU.Build.0 = Release|Any CPU
		{20C38EB2-5D4C-4619-B02F-09ABB4A1A36B}.Release|x64.ActiveCfg = Release|Any CPU
		{20C38EB2-5D4C-4619-B02F-09ABB4A1A36B}.Release|x64.Build.0 = Release|Any CPU
		{20C38EB2-5D4C-4619-B02F-09ABB4A1A36B}.Release|x86.ActiveCfg = Release|Any CPU
		{20C38EB2-5D4C-4619-B02F-09ABB4A1A36B}.Release|x86.Build.0 = Release|Any CPU
		{83B7E168-C983-46AE-B10D-60B531BFCBC3}.Debug|Any CPU.ActiveCfg = Debug|Any CPU
		{83B7E168-C983-46AE-B10D-60B531BFCBC3}.Debug|Any CPU.Build.0 = Debug|Any CPU
		{83B7E168-C983-46AE-B10D-60B531BFCBC3}.Debug|x64.ActiveCfg = Debug|Any CPU
		{83B7E168-C983-46AE-B10D-60B531BFCBC3}.Debug|x64.Build.0 = Debug|Any CPU
		{83B7E168-C983-46AE-B10D-60B531BFCBC3}.Debug|x86.ActiveCfg = Debug|Any CPU
		{83B7E168-C983-46AE-B10D-60B531BFCBC3}.Debug|x86.Build.0 = Debug|Any CPU
		{83B7E168-C983-46AE-B10D-60B531BFCBC3}.Release|Any CPU.ActiveCfg = Release|Any CPU
		{83B7E168-C983-46AE-B10D-60B531BFCBC3}.Release|Any CPU.Build.0 = Release|Any CPU
		{83B7E168-C983-46AE-B10D-60B531BFCBC3}.Release|x64.ActiveCfg = Release|Any CPU
		{83B7E168-C983-46AE-B10D-60B531BFCBC3}.Release|x64.Build.0 = Release|Any CPU
		{83B7E168-C983-46AE-B10D-60B531BFCBC3}.Release|x86.ActiveCfg = Release|Any CPU
		{83B7E168-C983-46AE-B10D-60B531BFCBC3}.Release|x86.Build.0 = Release|Any CPU
		{4F4F6EC1-1629-4625-8FEB-0C0FA79E3C45}.Debug|Any CPU.ActiveCfg = Debug|Any CPU
		{4F4F6EC1-1629-4625-8FEB-0C0FA79E3C45}.Debug|Any CPU.Build.0 = Debug|Any CPU
		{4F4F6EC1-1629-4625-8FEB-0C0FA79E3C45}.Debug|x64.ActiveCfg = Debug|Any CPU
		{4F4F6EC1-1629-4625-8FEB-0C0FA79E3C45}.Debug|x64.Build.0 = Debug|Any CPU
		{4F4F6EC1-1629-4625-8FEB-0C0FA79E3C45}.Debug|x86.ActiveCfg = Debug|Any CPU
		{4F4F6EC1-1629-4625-8FEB-0C0FA79E3C45}.Debug|x86.Build.0 = Debug|Any CPU
		{4F4F6EC1-1629-4625-8FEB-0C0FA79E3C45}.Release|Any CPU.ActiveCfg = Release|Any CPU
		{4F4F6EC1-1629-4625-8FEB-0C0FA79E3C45}.Release|Any CPU.Build.0 = Release|Any CPU
		{4F4F6EC1-1629-4625-8FEB-0C0FA79E3C45}.Release|x64.ActiveCfg = Release|Any CPU
		{4F4F6EC1-1629-4625-8FEB-0C0FA79E3C45}.Release|x64.Build.0 = Release|Any CPU
		{4F4F6EC1-1629-4625-8FEB-0C0FA79E3C45}.Release|x86.ActiveCfg = Release|Any CPU
		{4F4F6EC1-1629-4625-8FEB-0C0FA79E3C45}.Release|x86.Build.0 = Release|Any CPU
		{3271565B-FE70-411D-8B07-82F9E5C1AFF4}.Debug|Any CPU.ActiveCfg = Debug|Any CPU
		{3271565B-FE70-411D-8B07-82F9E5C1AFF4}.Debug|Any CPU.Build.0 = Debug|Any CPU
		{3271565B-FE70-411D-8B07-82F9E5C1AFF4}.Debug|x64.ActiveCfg = Debug|Any CPU
		{3271565B-FE70-411D-8B07-82F9E5C1AFF4}.Debug|x64.Build.0 = Debug|Any CPU
		{3271565B-FE70-411D-8B07-82F9E5C1AFF4}.Debug|x86.ActiveCfg = Debug|Any CPU
		{3271565B-FE70-411D-8B07-82F9E5C1AFF4}.Debug|x86.Build.0 = Debug|Any CPU
		{3271565B-FE70-411D-8B07-82F9E5C1AFF4}.Release|Any CPU.ActiveCfg = Release|Any CPU
		{3271565B-FE70-411D-8B07-82F9E5C1AFF4}.Release|Any CPU.Build.0 = Release|Any CPU
		{3271565B-FE70-411D-8B07-82F9E5C1AFF4}.Release|x64.ActiveCfg = Release|Any CPU
		{3271565B-FE70-411D-8B07-82F9E5C1AFF4}.Release|x64.Build.0 = Release|Any CPU
		{3271565B-FE70-411D-8B07-82F9E5C1AFF4}.Release|x86.ActiveCfg = Release|Any CPU
		{3271565B-FE70-411D-8B07-82F9E5C1AFF4}.Release|x86.Build.0 = Release|Any CPU
		{80CE4B45-94E4-4DBF-A5F4-848435D1C399}.Debug|Any CPU.ActiveCfg = Debug|Any CPU
		{80CE4B45-94E4-4DBF-A5F4-848435D1C399}.Debug|Any CPU.Build.0 = Debug|Any CPU
		{80CE4B45-94E4-4DBF-A5F4-848435D1C399}.Debug|x64.ActiveCfg = Debug|Any CPU
		{80CE4B45-94E4-4DBF-A5F4-848435D1C399}.Debug|x64.Build.0 = Debug|Any CPU
		{80CE4B45-94E4-4DBF-A5F4-848435D1C399}.Debug|x86.ActiveCfg = Debug|Any CPU
		{80CE4B45-94E4-4DBF-A5F4-848435D1C399}.Debug|x86.Build.0 = Debug|Any CPU
		{80CE4B45-94E4-4DBF-A5F4-848435D1C399}.Release|Any CPU.ActiveCfg = Release|Any CPU
		{80CE4B45-94E4-4DBF-A5F4-848435D1C399}.Release|Any CPU.Build.0 = Release|Any CPU
		{80CE4B45-94E4-4DBF-A5F4-848435D1C399}.Release|x64.ActiveCfg = Release|Any CPU
		{80CE4B45-94E4-4DBF-A5F4-848435D1C399}.Release|x64.Build.0 = Release|Any CPU
		{80CE4B45-94E4-4DBF-A5F4-848435D1C399}.Release|x86.ActiveCfg = Release|Any CPU
		{80CE4B45-94E4-4DBF-A5F4-848435D1C399}.Release|x86.Build.0 = Release|Any CPU
		{5C5AD7F2-2F69-4BFD-A899-C070B1BDF0A3}.Debug|Any CPU.ActiveCfg = Debug|Any CPU
		{5C5AD7F2-2F69-4BFD-A899-C070B1BDF0A3}.Debug|Any CPU.Build.0 = Debug|Any CPU
		{5C5AD7F2-2F69-4BFD-A899-C070B1BDF0A3}.Debug|x64.ActiveCfg = Debug|Any CPU
		{5C5AD7F2-2F69-4BFD-A899-C070B1BDF0A3}.Debug|x64.Build.0 = Debug|Any CPU
		{5C5AD7F2-2F69-4BFD-A899-C070B1BDF0A3}.Debug|x86.ActiveCfg = Debug|Any CPU
		{5C5AD7F2-2F69-4BFD-A899-C070B1BDF0A3}.Debug|x86.Build.0 = Debug|Any CPU
		{5C5AD7F2-2F69-4BFD-A899-C070B1BDF0A3}.Release|Any CPU.ActiveCfg = Release|Any CPU
		{5C5AD7F2-2F69-4BFD-A899-C070B1BDF0A3}.Release|Any CPU.Build.0 = Release|Any CPU
		{5C5AD7F2-2F69-4BFD-A899-C070B1BDF0A3}.Release|x64.ActiveCfg = Release|Any CPU
		{5C5AD7F2-2F69-4BFD-A899-C070B1BDF0A3}.Release|x64.Build.0 = Release|Any CPU
		{5C5AD7F2-2F69-4BFD-A899-C070B1BDF0A3}.Release|x86.ActiveCfg = Release|Any CPU
		{5C5AD7F2-2F69-4BFD-A899-C070B1BDF0A3}.Release|x86.Build.0 = Release|Any CPU
		{0D172CF5-7A40-464F-8DE4-CAF51C032E5B}.Debug|Any CPU.ActiveCfg = Debug|Any CPU
		{0D172CF5-7A40-464F-8DE4-CAF51C032E5B}.Debug|Any CPU.Build.0 = Debug|Any CPU
		{0D172CF5-7A40-464F-8DE4-CAF51C032E5B}.Debug|x64.ActiveCfg = Debug|Any CPU
		{0D172CF5-7A40-464F-8DE4-CAF51C032E5B}.Debug|x64.Build.0 = Debug|Any CPU
		{0D172CF5-7A40-464F-8DE4-CAF51C032E5B}.Debug|x86.ActiveCfg = Debug|Any CPU
		{0D172CF5-7A40-464F-8DE4-CAF51C032E5B}.Debug|x86.Build.0 = Debug|Any CPU
		{0D172CF5-7A40-464F-8DE4-CAF51C032E5B}.Release|Any CPU.ActiveCfg = Release|Any CPU
		{0D172CF5-7A40-464F-8DE4-CAF51C032E5B}.Release|Any CPU.Build.0 = Release|Any CPU
		{0D172CF5-7A40-464F-8DE4-CAF51C032E5B}.Release|x64.ActiveCfg = Release|Any CPU
		{0D172CF5-7A40-464F-8DE4-CAF51C032E5B}.Release|x64.Build.0 = Release|Any CPU
		{0D172CF5-7A40-464F-8DE4-CAF51C032E5B}.Release|x86.ActiveCfg = Release|Any CPU
		{0D172CF5-7A40-464F-8DE4-CAF51C032E5B}.Release|x86.Build.0 = Release|Any CPU
		{2C1D737C-C20F-450E-90BE-0F79382F74C4}.Debug|Any CPU.ActiveCfg = Debug|Any CPU
		{2C1D737C-C20F-450E-90BE-0F79382F74C4}.Debug|Any CPU.Build.0 = Debug|Any CPU
		{2C1D737C-C20F-450E-90BE-0F79382F74C4}.Debug|x64.ActiveCfg = Debug|Any CPU
		{2C1D737C-C20F-450E-90BE-0F79382F74C4}.Debug|x64.Build.0 = Debug|Any CPU
		{2C1D737C-C20F-450E-90BE-0F79382F74C4}.Debug|x86.ActiveCfg = Debug|Any CPU
		{2C1D737C-C20F-450E-90BE-0F79382F74C4}.Debug|x86.Build.0 = Debug|Any CPU
		{2C1D737C-C20F-450E-90BE-0F79382F74C4}.Release|Any CPU.ActiveCfg = Release|Any CPU
		{2C1D737C-C20F-450E-90BE-0F79382F74C4}.Release|Any CPU.Build.0 = Release|Any CPU
		{2C1D737C-C20F-450E-90BE-0F79382F74C4}.Release|x64.ActiveCfg = Release|Any CPU
		{2C1D737C-C20F-450E-90BE-0F79382F74C4}.Release|x64.Build.0 = Release|Any CPU
		{2C1D737C-C20F-450E-90BE-0F79382F74C4}.Release|x86.ActiveCfg = Release|Any CPU
		{2C1D737C-C20F-450E-90BE-0F79382F74C4}.Release|x86.Build.0 = Release|Any CPU
		{CB73BDC3-DBCF-48F5-8103-D1051F3E1F6E}.Debug|Any CPU.ActiveCfg = Debug|Any CPU
		{CB73BDC3-DBCF-48F5-8103-D1051F3E1F6E}.Debug|Any CPU.Build.0 = Debug|Any CPU
		{CB73BDC3-DBCF-48F5-8103-D1051F3E1F6E}.Debug|x64.ActiveCfg = Debug|Any CPU
		{CB73BDC3-DBCF-48F5-8103-D1051F3E1F6E}.Debug|x64.Build.0 = Debug|Any CPU
		{CB73BDC3-DBCF-48F5-8103-D1051F3E1F6E}.Debug|x86.ActiveCfg = Debug|Any CPU
		{CB73BDC3-DBCF-48F5-8103-D1051F3E1F6E}.Debug|x86.Build.0 = Debug|Any CPU
		{CB73BDC3-DBCF-48F5-8103-D1051F3E1F6E}.Release|Any CPU.ActiveCfg = Release|Any CPU
		{CB73BDC3-DBCF-48F5-8103-D1051F3E1F6E}.Release|Any CPU.Build.0 = Release|Any CPU
		{CB73BDC3-DBCF-48F5-8103-D1051F3E1F6E}.Release|x64.ActiveCfg = Release|Any CPU
		{CB73BDC3-DBCF-48F5-8103-D1051F3E1F6E}.Release|x64.Build.0 = Release|Any CPU
		{CB73BDC3-DBCF-48F5-8103-D1051F3E1F6E}.Release|x86.ActiveCfg = Release|Any CPU
		{CB73BDC3-DBCF-48F5-8103-D1051F3E1F6E}.Release|x86.Build.0 = Release|Any CPU
		{313963EE-22AC-41B0-AF83-D022B4CEB766}.Debug|Any CPU.ActiveCfg = Debug|Any CPU
		{313963EE-22AC-41B0-AF83-D022B4CEB766}.Debug|Any CPU.Build.0 = Debug|Any CPU
		{313963EE-22AC-41B0-AF83-D022B4CEB766}.Debug|x64.ActiveCfg = Debug|Any CPU
		{313963EE-22AC-41B0-AF83-D022B4CEB766}.Debug|x64.Build.0 = Debug|Any CPU
		{313963EE-22AC-41B0-AF83-D022B4CEB766}.Debug|x86.ActiveCfg = Debug|Any CPU
		{313963EE-22AC-41B0-AF83-D022B4CEB766}.Debug|x86.Build.0 = Debug|Any CPU
		{313963EE-22AC-41B0-AF83-D022B4CEB766}.Release|Any CPU.ActiveCfg = Release|Any CPU
		{313963EE-22AC-41B0-AF83-D022B4CEB766}.Release|Any CPU.Build.0 = Release|Any CPU
		{313963EE-22AC-41B0-AF83-D022B4CEB766}.Release|x64.ActiveCfg = Release|Any CPU
		{313963EE-22AC-41B0-AF83-D022B4CEB766}.Release|x64.Build.0 = Release|Any CPU
		{313963EE-22AC-41B0-AF83-D022B4CEB766}.Release|x86.ActiveCfg = Release|Any CPU
		{313963EE-22AC-41B0-AF83-D022B4CEB766}.Release|x86.Build.0 = Release|Any CPU
		{28C62021-C24C-4C00-8E97-87EA49C60219}.Debug|Any CPU.ActiveCfg = Debug|Any CPU
		{28C62021-C24C-4C00-8E97-87EA49C60219}.Debug|Any CPU.Build.0 = Debug|Any CPU
		{28C62021-C24C-4C00-8E97-87EA49C60219}.Debug|x64.ActiveCfg = Debug|Any CPU
		{28C62021-C24C-4C00-8E97-87EA49C60219}.Debug|x64.Build.0 = Debug|Any CPU
		{28C62021-C24C-4C00-8E97-87EA49C60219}.Debug|x86.ActiveCfg = Debug|Any CPU
		{28C62021-C24C-4C00-8E97-87EA49C60219}.Debug|x86.Build.0 = Debug|Any CPU
		{28C62021-C24C-4C00-8E97-87EA49C60219}.Release|Any CPU.ActiveCfg = Release|Any CPU
		{28C62021-C24C-4C00-8E97-87EA49C60219}.Release|Any CPU.Build.0 = Release|Any CPU
		{28C62021-C24C-4C00-8E97-87EA49C60219}.Release|x64.ActiveCfg = Release|Any CPU
		{28C62021-C24C-4C00-8E97-87EA49C60219}.Release|x64.Build.0 = Release|Any CPU
		{28C62021-C24C-4C00-8E97-87EA49C60219}.Release|x86.ActiveCfg = Release|Any CPU
		{28C62021-C24C-4C00-8E97-87EA49C60219}.Release|x86.Build.0 = Release|Any CPU
		{16B4AB02-C2BF-458A-AC9B-2671D8CCE729}.Debug|Any CPU.ActiveCfg = Debug|Any CPU
		{16B4AB02-C2BF-458A-AC9B-2671D8CCE729}.Debug|Any CPU.Build.0 = Debug|Any CPU
		{16B4AB02-C2BF-458A-AC9B-2671D8CCE729}.Debug|x64.ActiveCfg = Debug|Any CPU
		{16B4AB02-C2BF-458A-AC9B-2671D8CCE729}.Debug|x64.Build.0 = Debug|Any CPU
		{16B4AB02-C2BF-458A-AC9B-2671D8CCE729}.Debug|x86.ActiveCfg = Debug|Any CPU
		{16B4AB02-C2BF-458A-AC9B-2671D8CCE729}.Debug|x86.Build.0 = Debug|Any CPU
		{16B4AB02-C2BF-458A-AC9B-2671D8CCE729}.Release|Any CPU.ActiveCfg = Release|Any CPU
		{16B4AB02-C2BF-458A-AC9B-2671D8CCE729}.Release|Any CPU.Build.0 = Release|Any CPU
		{16B4AB02-C2BF-458A-AC9B-2671D8CCE729}.Release|x64.ActiveCfg = Release|Any CPU
		{16B4AB02-C2BF-458A-AC9B-2671D8CCE729}.Release|x64.Build.0 = Release|Any CPU
		{16B4AB02-C2BF-458A-AC9B-2671D8CCE729}.Release|x86.ActiveCfg = Release|Any CPU
		{16B4AB02-C2BF-458A-AC9B-2671D8CCE729}.Release|x86.Build.0 = Release|Any CPU
		{B02D3D7D-ECD7-46A2-86AF-1D78E23FFEC5}.Debug|Any CPU.ActiveCfg = Debug|Any CPU
		{B02D3D7D-ECD7-46A2-86AF-1D78E23FFEC5}.Debug|Any CPU.Build.0 = Debug|Any CPU
		{B02D3D7D-ECD7-46A2-86AF-1D78E23FFEC5}.Debug|x64.ActiveCfg = Debug|Any CPU
		{B02D3D7D-ECD7-46A2-86AF-1D78E23FFEC5}.Debug|x64.Build.0 = Debug|Any CPU
		{B02D3D7D-ECD7-46A2-86AF-1D78E23FFEC5}.Debug|x86.ActiveCfg = Debug|Any CPU
		{B02D3D7D-ECD7-46A2-86AF-1D78E23FFEC5}.Debug|x86.Build.0 = Debug|Any CPU
		{B02D3D7D-ECD7-46A2-86AF-1D78E23FFEC5}.Release|Any CPU.ActiveCfg = Release|Any CPU
		{B02D3D7D-ECD7-46A2-86AF-1D78E23FFEC5}.Release|Any CPU.Build.0 = Release|Any CPU
		{B02D3D7D-ECD7-46A2-86AF-1D78E23FFEC5}.Release|x64.ActiveCfg = Release|Any CPU
		{B02D3D7D-ECD7-46A2-86AF-1D78E23FFEC5}.Release|x64.Build.0 = Release|Any CPU
		{B02D3D7D-ECD7-46A2-86AF-1D78E23FFEC5}.Release|x86.ActiveCfg = Release|Any CPU
		{B02D3D7D-ECD7-46A2-86AF-1D78E23FFEC5}.Release|x86.Build.0 = Release|Any CPU
	EndGlobalSection
EndGlobal
